{
  "nodes": {
    "flake": {
      "locked": {
        "lastModified": 0,
        "narHash": "sha256-jyyAhyStjFcaG9VOipFdN0Souk/fzgTD3uQjT/I2z3w=",
        "path": "../",
        "type": "path"
      },
      "original": {
        "path": "../",
        "type": "path"
      }
    },
    "flake-parts": {
      "inputs": {
        "nixpkgs-lib": "nixpkgs-lib"
      },
      "locked": {
        "lastModified": 1693611461,
        "narHash": "sha256-aPODl8vAgGQ0ZYFIRisxYG5MOGSkIczvu2Cd8Gb9+1Y=",
        "owner": "hercules-ci",
        "repo": "flake-parts",
        "rev": "7f53fdb7bdc5bb237da7fefef12d099e4fd611ca",
        "type": "github"
      },
      "original": {
        "owner": "hercules-ci",
        "repo": "flake-parts",
        "type": "github"
      }
    },
    "flake-root": {
      "locked": {
        "lastModified": 1692742795,
        "narHash": "sha256-f+Y0YhVCIJ06LemO+3Xx00lIcqQxSKJHXT/yk1RTKxw=",
        "owner": "srid",
        "repo": "flake-root",
        "rev": "d9a70d9c7a5fd7f3258ccf48da9335e9b47c3937",
        "type": "github"
      },
      "original": {
        "owner": "srid",
        "repo": "flake-root",
        "type": "github"
      }
    },
    "nixpkgs": {
      "locked": {
        "lastModified": 1695962284,
        "narHash": "sha256-vygWW+zz/5NHWpH7nIfNFlKiJChp6kVRXkzAcPK08hY=",
        "owner": "nixos",
        "repo": "nixpkgs",
        "rev": "cdd726e1deb44c031ee8975528d6b283ed8cf021",
        "type": "github"
      },
      "original": {
        "owner": "nixos",
        "ref": "nixos-unstable-small",
        "repo": "nixpkgs",
        "type": "github"
      }
    },
    "nixpkgs-lib": {
      "locked": {
        "dir": "lib",
        "lastModified": 1693471703,
        "narHash": "sha256-0l03ZBL8P1P6z8MaSDS/MvuU8E75rVxe5eE1N6gxeTo=",
        "owner": "NixOS",
        "repo": "nixpkgs",
        "rev": "3e52e76b70d5508f3cec70b882a29199f4d1ee85",
        "type": "github"
      },
      "original": {
        "dir": "lib",
        "owner": "NixOS",
        "ref": "nixos-unstable",
        "repo": "nixpkgs",
        "type": "github"
      }
    },
    "root": {
      "inputs": {
        "flake": "flake",
        "flake-parts": "flake-parts",
        "flake-root": "flake-root",
        "nixpkgs": "nixpkgs",
        "systems": "systems",
        "treefmt-nix": "treefmt-nix"
      }
    },
    "systems": {
      "locked": {
        "lastModified": 1681028828,
        "narHash": "sha256-Vy1rq5AaRuLzOxct8nz4T6wlgyUR7zLU309k9mBC768=",
        "owner": "nix-systems",
        "repo": "default",
        "rev": "da67096a3b9bf56a91d16901293e51ba5b49a27e",
        "type": "github"
      },
      "original": {
        "id": "systems",
        "type": "indirect"
      }
    },
    "treefmt-nix": {
      "inputs": {
        "nixpkgs": [
          "nixpkgs"
        ]
      },
      "locked": {
        "lastModified": 1695822946,
        "narHash": "sha256-IQU3fYo0H+oGlqX5YrgZU3VRhbt2Oqe6KmslQKUO4II=",
        "owner": "numtide",
        "repo": "treefmt-nix",
        "rev": "720bd006d855b08e60664e4683ccddb7a9ff614a",
        "type": "github"
      },
      "original": {
        "owner": "numtide",
        "repo": "treefmt-nix",
        "type": "github"
      }
    }
  },
  "root": "root",
  "version": 7
}
